{
    "_readme": [
        "This file locks the dependencies of your project to a known state",
        "Read more about it at https://getcomposer.org/doc/01-basic-usage.md#installing-dependencies",
        "This file is @generated automatically"
    ],
    "content-hash": "a224bc3219558914dd5d57fad5e8b9b4",
    "packages": [
        {
            "name": "chebakova/chebakova",
            "version": "1.0",
            "source": {
                "type": "git",
                "url": "https://github.com/chebakova/chebakova.git",
                "reference": "fad2ab6c674b6d32754ae20d50e1c53a81d1ac18"
            },
            "dist": {
                "type": "zip",
                "url": "https://api.github.com/repos/chebakova/chebakova/zipball/fad2ab6c674b6d32754ae20d50e1c53a81d1ac18",
                "reference": "fad2ab6c674b6d32754ae20d50e1c53a81d1ac18",
                "shasum": ""
            },
            "type": "library",
            "autoload": {
                "psr-4": {
                    "chebakova\\": ""
                }
            },
            "authors": [
                {
                    "name": "chebakova",
                    "email": "chebakova_k@inbox.ru"
                }
            ],
            "support": {
                "source": "https://github.com/chebakova/chebakova/tree/1.0",
                "issues": "https://github.com/chebakova/chebakova/issues"
            },
            "time": "2021-01-19T22:01:16+00:00"
        },
        {
            "name": "rok9ru/trpo-core",
            "version": "2.0",
            "source": {
                "type": "git",
                "url": "https://github.com/rok9ru/trpo-core.git",
                "reference": "fd341399677df9ed17a71e4abb9230277ede5395"
            },
            "dist": {
                "type": "zip",
                "url": "https://api.github.com/repos/rok9ru/trpo-core/zipball/fd341399677df9ed17a71e4abb9230277ede5395",
                "reference": "fd341399677df9ed17a71e4abb9230277ede5395",
                "shasum": ""
            },
            "require": {
                "php": "^7.3.0"
            },
            "type": "library",
            "autoload": {
                "psr-4": {
                    "core\\": "core"
                }
            },
            "authors": [
                {
                    "name": "Sleepplayer",
                    "email": "rok_9@mail.ru"
                }
            ],
            "description": "Project for lesson subject \"TRPO\" test project",
            "support": {
                "source": "https://github.com/rok9ru/trpo-core/tree/2.0",
                "issues": "https://github.com/rok9ru/trpo-core/issues"
            },
            "time": "2021-01-13T12:08:11+00:00"
        }
    ],
    "packages-dev": [],
    "aliases": [],
    "minimum-stability": "dev",
    "stability-flags": [],
    "prefer-stable": false,
    "prefer-lowest": false,
    "platform": [],
    "platform-dev": [],
    "plugin-api-version": "2.0.0"
}
